
Microsoft Visual Studio Solution File, Format Version 12.00
# Visual Studio Version 17
VisualStudioVersion = 17.7.34031.279
MinimumVisualStudioVersion = 10.0.40219.1
Project("{2150E333-8FDC-42A3-9474-1A3956D46DE8}") = "Framework", "Framework", "{068CB250-2804-4C7E-9490-17F432B9CE21}"
EndProject
Project("{2150E333-8FDC-42A3-9474-1A3956D46DE8}") = "tests", "tests", "{7A9B997B-DAAC-4004-94F3-32F6B88E0068}"
EndProject
Project("{2150E333-8FDC-42A3-9474-1A3956D46DE8}") = "samples", "samples", "{303AE78F-6C96-4DF4-AC89-5C4FD53AFF0B}"
EndProject
Project("{2150E333-8FDC-42A3-9474-1A3956D46DE8}") = "Serialization", "Serialization", "{ADAAA63C-E17C-4F1B-A062-3CCA071D75C2}"
EndProject
Project("{2150E333-8FDC-42A3-9474-1A3956D46DE8}") = "Compression", "Compression", "{0A782A83-B66D-4B99-9BE2-2B18AAD2E03C}"
EndProject
Project("{2150E333-8FDC-42A3-9474-1A3956D46DE8}") = "DependencyResolvers", "DependencyResolvers", "{292BCEDD-55B4-49BB-B8B2-24CD834FF2AA}"
EndProject
Project("{2150E333-8FDC-42A3-9474-1A3956D46DE8}") = "LogHandlers", "LogHandlers", "{EF626895-FDAE-4B28-9110-BA85671CBBF2}"
EndProject
Project("{2150E333-8FDC-42A3-9474-1A3956D46DE8}") = "Admin", "Admin", "{58483813-0D7C-423E-8E7D-8FBF3E6CDB6D}"
EndProject
Project("{2150E333-8FDC-42A3-9474-1A3956D46DE8}") = "Middlewares", "Middlewares", "{ED24B548-6F37-4283-A35B-F6015BFB7A34}"
EndProject
Project("{2150E333-8FDC-42A3-9474-1A3956D46DE8}") = "Deploy", "Deploy", "{4A6A390C-A63A-4371-86BB-28481AD6D4C0}"
	ProjectSection(SolutionItems) = preProject
		.github\workflows\build.yml = .github\workflows\build.yml
		.github\workflows\publish.yml = .github\workflows\publish.yml
	EndProjectSection
EndProject
Project("{2150E333-8FDC-42A3-9474-1A3956D46DE8}") = "Telemetry", "Telemetry", "{96F5D441-B8DE-4ABC-BEF2-F758D1B2BA39}"
EndProject
Project("{9A19103F-16F7-4668-BE54-9A1E7A4F7556}") = "KafkaFlow.Admin", "src\KafkaFlow.Admin\KafkaFlow.Admin.csproj", "{A30B89BE-418D-47CC-88C0-600AC8B0A5B4}"
EndProject
Project("{9A19103F-16F7-4668-BE54-9A1E7A4F7556}") = "KafkaFlow.Admin.Dashboard", "src\KafkaFlow.Admin.Dashboard\KafkaFlow.Admin.Dashboard.csproj", "{0829B33A-5942-4DA7-BBD4-77EF2DF1C39C}"
EndProject
Project("{9A19103F-16F7-4668-BE54-9A1E7A4F7556}") = "KafkaFlow.Admin.WebApi", "src\KafkaFlow.Admin.WebApi\KafkaFlow.Admin.WebApi.csproj", "{09D8AD16-45E4-4443-BCF6-7981FF69A3A3}"
EndProject
Project("{9A19103F-16F7-4668-BE54-9A1E7A4F7556}") = "KafkaFlow.Microsoft.DependencyInjection", "src\KafkaFlow.Microsoft.DependencyInjection\KafkaFlow.Microsoft.DependencyInjection.csproj", "{9BF4C82B-3E20-450C-BDFF-549575DB231A}"
EndProject
Project("{9A19103F-16F7-4668-BE54-9A1E7A4F7556}") = "KafkaFlow.Unity", "src\KafkaFlow.Unity\KafkaFlow.Unity.csproj", "{0F461CEC-CC0D-4557-A4E7-98262CA976AE}"
EndProject
Project("{9A19103F-16F7-4668-BE54-9A1E7A4F7556}") = "KafkaFlow", "src\KafkaFlow\KafkaFlow.csproj", "{1FF13D3E-803F-402E-BBBE-3688ABCBE58C}"
EndProject
Project("{9A19103F-16F7-4668-BE54-9A1E7A4F7556}") = "KafkaFlow.Abstractions", "src\KafkaFlow.Abstractions\KafkaFlow.Abstractions.csproj", "{966B54E9-1ADB-40C3-9D17-8987182834A7}"
EndProject
Project("{9A19103F-16F7-4668-BE54-9A1E7A4F7556}") = "KafkaFlow.Extensions.Hosting", "src\KafkaFlow.Extensions.Hosting\KafkaFlow.Extensions.Hosting.csproj", "{2D5469E0-CACB-49AB-A3C2-2758C5A3303A}"
EndProject
Project("{9A19103F-16F7-4668-BE54-9A1E7A4F7556}") = "KafkaFlow.LogHandler.Console", "src\KafkaFlow.LogHandler.Console\KafkaFlow.LogHandler.Console.csproj", "{D05610E6-865A-487E-8FE3-8F64A38098CD}"
EndProject
Project("{9A19103F-16F7-4668-BE54-9A1E7A4F7556}") = "KafkaFlow.LogHandler.Microsoft", "src\KafkaFlow.LogHandler.Microsoft\KafkaFlow.LogHandler.Microsoft.csproj", "{6E1A8664-805C-4513-9D2A-3648A2C0FC0E}"
EndProject
Project("{9A19103F-16F7-4668-BE54-9A1E7A4F7556}") = "KafkaFlow.Compressor.Gzip", "src\KafkaFlow.Compressor.Gzip\KafkaFlow.Compressor.Gzip.csproj", "{21A3E0A6-94DD-44BA-8707-14D18AA0B037}"
EndProject
Project("{9A19103F-16F7-4668-BE54-9A1E7A4F7556}") = "KafkaFlow.SchemaRegistry", "src\KafkaFlow.SchemaRegistry\KafkaFlow.SchemaRegistry.csproj", "{B2955BD4-8A74-4C00-8559-2357D2C3A48F}"
EndProject
Project("{9A19103F-16F7-4668-BE54-9A1E7A4F7556}") = "KafkaFlow.Serializer.JsonCore", "src\KafkaFlow.Serializer.JsonCore\KafkaFlow.Serializer.JsonCore.csproj", "{3AA3BB1D-B1BB-4B30-AF5C-FE554ECC4025}"
EndProject
Project("{9A19103F-16F7-4668-BE54-9A1E7A4F7556}") = "KafkaFlow.Serializer.NewtonsoftJson", "src\KafkaFlow.Serializer.NewtonsoftJson\KafkaFlow.Serializer.NewtonsoftJson.csproj", "{CEFFB532-0F13-4BEC-B119-B61CC0C024C3}"
EndProject
Project("{9A19103F-16F7-4668-BE54-9A1E7A4F7556}") = "KafkaFlow.Serializer.ProtobufNet", "src\KafkaFlow.Serializer.ProtobufNet\KafkaFlow.Serializer.ProtobufNet.csproj", "{794CDAEA-4EBE-4B39-B42F-D40B2C6C10EF}"
EndProject
Project("{9A19103F-16F7-4668-BE54-9A1E7A4F7556}") = "KafkaFlow.Serializer.SchemaRegistry.ConfluentAvro", "src\KafkaFlow.Serializer.SchemaRegistry.ConfluentAvro\KafkaFlow.Serializer.SchemaRegistry.ConfluentAvro.csproj", "{28246082-79FB-468E-91D8-D400C7CBCADB}"
EndProject
Project("{9A19103F-16F7-4668-BE54-9A1E7A4F7556}") = "KafkaFlow.Serializer.SchemaRegistry.ConfluentJson", "src\KafkaFlow.Serializer.SchemaRegistry.ConfluentJson\KafkaFlow.Serializer.SchemaRegistry.ConfluentJson.csproj", "{1027A158-B83B-4BB0-A8B3-D387252F5982}"
EndProject
Project("{9A19103F-16F7-4668-BE54-9A1E7A4F7556}") = "KafkaFlow.Serializer.SchemaRegistry.ConfluentProtobuf", "src\KafkaFlow.Serializer.SchemaRegistry.ConfluentProtobuf\KafkaFlow.Serializer.SchemaRegistry.ConfluentProtobuf.csproj", "{B1791758-EB49-41F0-BEAB-AC83160E2BEE}"
EndProject
Project("{9A19103F-16F7-4668-BE54-9A1E7A4F7556}") = "KafkaFlow.Sample", "samples\KafkaFlow.Sample\KafkaFlow.Sample.csproj", "{237C8A3F-F2AF-420C-873E-D3DF504DC7A2}"
EndProject
Project("{9A19103F-16F7-4668-BE54-9A1E7A4F7556}") = "KafkaFlow.Sample.BatchOperations", "samples\KafkaFlow.Sample.BatchOperations\KafkaFlow.Sample.BatchOperations.csproj", "{D2A5BB81-28E8-4C72-9E11-379DFCE5C311}"
EndProject
Project("{9A19103F-16F7-4668-BE54-9A1E7A4F7556}") = "KafkaFlow.Sample.ConsumerThrottling", "samples\KafkaFlow.Sample.ConsumerThrottling\KafkaFlow.Sample.ConsumerThrottling.csproj", "{FD1DD2C6-A7B5-4BF3-8BD3-DCE9BF1EE2B0}"
EndProject
Project("{9A19103F-16F7-4668-BE54-9A1E7A4F7556}") = "KafkaFlow.Sample.Dashboard", "samples\KafkaFlow.Sample.Dashboard\KafkaFlow.Sample.Dashboard.csproj", "{CD3788D9-EAF3-428E-A237-FE24A7D76CC0}"
EndProject
Project("{9A19103F-16F7-4668-BE54-9A1E7A4F7556}") = "KafkaFlow.Sample.FlowControl", "samples\KafkaFlow.Sample.FlowControl\KafkaFlow.Sample.FlowControl.csproj", "{BC33650E-E774-48B5-B35D-01B1E04BBC05}"
EndProject
Project("{9A19103F-16F7-4668-BE54-9A1E7A4F7556}") = "KafkaFlow.Sample.PauseConsumerOnError", "samples\KafkaFlow.Sample.PauseConsumerOnError\KafkaFlow.Sample.PauseConsumerOnError.csproj", "{7FCF5FC3-F59C-4A89-A511-EF98201181F3}"
EndProject
Project("{9A19103F-16F7-4668-BE54-9A1E7A4F7556}") = "KafkaFlow.Sample.SchemaRegistry", "samples\KafkaFlow.Sample.SchemaRegistry\KafkaFlow.Sample.SchemaRegistry.csproj", "{FD052A19-B9B3-4A74-A9C0-6EA0C26A8D1B}"
EndProject
Project("{9A19103F-16F7-4668-BE54-9A1E7A4F7556}") = "KafkaFlow.Sample.WebApi", "samples\KafkaFlow.Sample.WebApi\KafkaFlow.Sample.WebApi.csproj", "{5E722C8E-2C81-42DF-B70E-7AC0AEBD1593}"
EndProject
Project("{9A19103F-16F7-4668-BE54-9A1E7A4F7556}") = "KafkaFlow.OpenTelemetry", "src\KafkaFlow.OpenTelemetry\KafkaFlow.OpenTelemetry.csproj", "{0C98213A-A553-40DC-BEA9-137BDE4A7398}"
EndProject
Project("{9A19103F-16F7-4668-BE54-9A1E7A4F7556}") = "KafkaFlow.UnitTests", "tests\KafkaFlow.UnitTests\KafkaFlow.UnitTests.csproj", "{1755E8DB-970C-4A24-8B7C-A2BEC1410BEE}"
EndProject
Project("{9A19103F-16F7-4668-BE54-9A1E7A4F7556}") = "KafkaFlow.IntegrationTests", "tests\KafkaFlow.IntegrationTests\KafkaFlow.IntegrationTests.csproj", "{80080C1D-579E-4AB2-935D-5CFFC51843D8}"
EndProject
Project("{2150E333-8FDC-42A3-9474-1A3956D46DE8}") = "src", "src", "{A97E7FE2-FFFD-4E23-B004-86BDB9AFAFF0}"
EndProject
Project("{2150E333-8FDC-42A3-9474-1A3956D46DE8}") = "Solution Items", "Solution Items", "{B4704AE9-D85C-472E-93E7-1CB0839364F4}"
	ProjectSection(SolutionItems) = preProject
		.editorconfig = .editorconfig
	EndProjectSection
EndProject
Project("{FAE04EC0-301F-11D3-BF4B-00C04F79EFBC}") = "KafkaFlow.Sample.OpenTelemetry", "samples\KafkaFlow.Sample.OpenTelemetry\KafkaFlow.Sample.OpenTelemetry.csproj", "{E9E8B374-4165-45F2-8DF5-F141E141AC1D}"
EndProject
Project("{FAE04EC0-301F-11D3-BF4B-00C04F79EFBC}") = "KafkaFlow.Sample.WildcardConsumer", "samples\KafkaFlow.Sample.WildcardConsumer\KafkaFlow.Sample.WildcardConsumer.csproj", "{8F6CDF12-5316-4AAF-A1F1-264337585698}"
EndProject
Global
	GlobalSection(SolutionConfigurationPlatforms) = preSolution
		Debug|Any CPU = Debug|Any CPU
		Release|Any CPU = Release|Any CPU
	EndGlobalSection
	GlobalSection(ProjectConfigurationPlatforms) = postSolution
		{A30B89BE-418D-47CC-88C0-600AC8B0A5B4}.Debug|Any CPU.ActiveCfg = Debug|Any CPU
		{A30B89BE-418D-47CC-88C0-600AC8B0A5B4}.Debug|Any CPU.Build.0 = Debug|Any CPU
		{A30B89BE-418D-47CC-88C0-600AC8B0A5B4}.Release|Any CPU.ActiveCfg = Release|Any CPU
		{A30B89BE-418D-47CC-88C0-600AC8B0A5B4}.Release|Any CPU.Build.0 = Release|Any CPU
		{0829B33A-5942-4DA7-BBD4-77EF2DF1C39C}.Debug|Any CPU.ActiveCfg = Debug|Any CPU
		{0829B33A-5942-4DA7-BBD4-77EF2DF1C39C}.Debug|Any CPU.Build.0 = Debug|Any CPU
		{0829B33A-5942-4DA7-BBD4-77EF2DF1C39C}.Release|Any CPU.ActiveCfg = Release|Any CPU
		{0829B33A-5942-4DA7-BBD4-77EF2DF1C39C}.Release|Any CPU.Build.0 = Release|Any CPU
		{09D8AD16-45E4-4443-BCF6-7981FF69A3A3}.Debug|Any CPU.ActiveCfg = Debug|Any CPU
		{09D8AD16-45E4-4443-BCF6-7981FF69A3A3}.Debug|Any CPU.Build.0 = Debug|Any CPU
		{09D8AD16-45E4-4443-BCF6-7981FF69A3A3}.Release|Any CPU.ActiveCfg = Release|Any CPU
		{09D8AD16-45E4-4443-BCF6-7981FF69A3A3}.Release|Any CPU.Build.0 = Release|Any CPU
		{9BF4C82B-3E20-450C-BDFF-549575DB231A}.Debug|Any CPU.ActiveCfg = Debug|Any CPU
		{9BF4C82B-3E20-450C-BDFF-549575DB231A}.Debug|Any CPU.Build.0 = Debug|Any CPU
		{9BF4C82B-3E20-450C-BDFF-549575DB231A}.Release|Any CPU.ActiveCfg = Release|Any CPU
		{9BF4C82B-3E20-450C-BDFF-549575DB231A}.Release|Any CPU.Build.0 = Release|Any CPU
		{0F461CEC-CC0D-4557-A4E7-98262CA976AE}.Debug|Any CPU.ActiveCfg = Debug|Any CPU
		{0F461CEC-CC0D-4557-A4E7-98262CA976AE}.Debug|Any CPU.Build.0 = Debug|Any CPU
		{0F461CEC-CC0D-4557-A4E7-98262CA976AE}.Release|Any CPU.ActiveCfg = Release|Any CPU
		{0F461CEC-CC0D-4557-A4E7-98262CA976AE}.Release|Any CPU.Build.0 = Release|Any CPU
		{1FF13D3E-803F-402E-BBBE-3688ABCBE58C}.Debug|Any CPU.ActiveCfg = Debug|Any CPU
		{1FF13D3E-803F-402E-BBBE-3688ABCBE58C}.Debug|Any CPU.Build.0 = Debug|Any CPU
		{1FF13D3E-803F-402E-BBBE-3688ABCBE58C}.Release|Any CPU.ActiveCfg = Release|Any CPU
		{1FF13D3E-803F-402E-BBBE-3688ABCBE58C}.Release|Any CPU.Build.0 = Release|Any CPU
		{966B54E9-1ADB-40C3-9D17-8987182834A7}.Debug|Any CPU.ActiveCfg = Debug|Any CPU
		{966B54E9-1ADB-40C3-9D17-8987182834A7}.Debug|Any CPU.Build.0 = Debug|Any CPU
		{966B54E9-1ADB-40C3-9D17-8987182834A7}.Release|Any CPU.ActiveCfg = Release|Any CPU
		{966B54E9-1ADB-40C3-9D17-8987182834A7}.Release|Any CPU.Build.0 = Release|Any CPU
		{2D5469E0-CACB-49AB-A3C2-2758C5A3303A}.Debug|Any CPU.ActiveCfg = Debug|Any CPU
		{2D5469E0-CACB-49AB-A3C2-2758C5A3303A}.Debug|Any CPU.Build.0 = Debug|Any CPU
		{2D5469E0-CACB-49AB-A3C2-2758C5A3303A}.Release|Any CPU.ActiveCfg = Release|Any CPU
		{2D5469E0-CACB-49AB-A3C2-2758C5A3303A}.Release|Any CPU.Build.0 = Release|Any CPU
		{D05610E6-865A-487E-8FE3-8F64A38098CD}.Debug|Any CPU.ActiveCfg = Debug|Any CPU
		{D05610E6-865A-487E-8FE3-8F64A38098CD}.Debug|Any CPU.Build.0 = Debug|Any CPU
		{D05610E6-865A-487E-8FE3-8F64A38098CD}.Release|Any CPU.ActiveCfg = Release|Any CPU
		{D05610E6-865A-487E-8FE3-8F64A38098CD}.Release|Any CPU.Build.0 = Release|Any CPU
		{6E1A8664-805C-4513-9D2A-3648A2C0FC0E}.Debug|Any CPU.ActiveCfg = Debug|Any CPU
		{6E1A8664-805C-4513-9D2A-3648A2C0FC0E}.Debug|Any CPU.Build.0 = Debug|Any CPU
		{6E1A8664-805C-4513-9D2A-3648A2C0FC0E}.Release|Any CPU.ActiveCfg = Release|Any CPU
		{6E1A8664-805C-4513-9D2A-3648A2C0FC0E}.Release|Any CPU.Build.0 = Release|Any CPU
		{21A3E0A6-94DD-44BA-8707-14D18AA0B037}.Debug|Any CPU.ActiveCfg = Debug|Any CPU
		{21A3E0A6-94DD-44BA-8707-14D18AA0B037}.Debug|Any CPU.Build.0 = Debug|Any CPU
		{21A3E0A6-94DD-44BA-8707-14D18AA0B037}.Release|Any CPU.ActiveCfg = Release|Any CPU
		{21A3E0A6-94DD-44BA-8707-14D18AA0B037}.Release|Any CPU.Build.0 = Release|Any CPU
		{B2955BD4-8A74-4C00-8559-2357D2C3A48F}.Debug|Any CPU.ActiveCfg = Debug|Any CPU
		{B2955BD4-8A74-4C00-8559-2357D2C3A48F}.Debug|Any CPU.Build.0 = Debug|Any CPU
		{B2955BD4-8A74-4C00-8559-2357D2C3A48F}.Release|Any CPU.ActiveCfg = Release|Any CPU
		{B2955BD4-8A74-4C00-8559-2357D2C3A48F}.Release|Any CPU.Build.0 = Release|Any CPU
		{3AA3BB1D-B1BB-4B30-AF5C-FE554ECC4025}.Debug|Any CPU.ActiveCfg = Debug|Any CPU
		{3AA3BB1D-B1BB-4B30-AF5C-FE554ECC4025}.Debug|Any CPU.Build.0 = Debug|Any CPU
		{3AA3BB1D-B1BB-4B30-AF5C-FE554ECC4025}.Release|Any CPU.ActiveCfg = Release|Any CPU
		{3AA3BB1D-B1BB-4B30-AF5C-FE554ECC4025}.Release|Any CPU.Build.0 = Release|Any CPU
		{CEFFB532-0F13-4BEC-B119-B61CC0C024C3}.Debug|Any CPU.ActiveCfg = Debug|Any CPU
		{CEFFB532-0F13-4BEC-B119-B61CC0C024C3}.Debug|Any CPU.Build.0 = Debug|Any CPU
		{CEFFB532-0F13-4BEC-B119-B61CC0C024C3}.Release|Any CPU.ActiveCfg = Release|Any CPU
		{CEFFB532-0F13-4BEC-B119-B61CC0C024C3}.Release|Any CPU.Build.0 = Release|Any CPU
		{794CDAEA-4EBE-4B39-B42F-D40B2C6C10EF}.Debug|Any CPU.ActiveCfg = Debug|Any CPU
		{794CDAEA-4EBE-4B39-B42F-D40B2C6C10EF}.Debug|Any CPU.Build.0 = Debug|Any CPU
		{794CDAEA-4EBE-4B39-B42F-D40B2C6C10EF}.Release|Any CPU.ActiveCfg = Release|Any CPU
		{794CDAEA-4EBE-4B39-B42F-D40B2C6C10EF}.Release|Any CPU.Build.0 = Release|Any CPU
		{28246082-79FB-468E-91D8-D400C7CBCADB}.Debug|Any CPU.ActiveCfg = Debug|Any CPU
		{28246082-79FB-468E-91D8-D400C7CBCADB}.Debug|Any CPU.Build.0 = Debug|Any CPU
		{28246082-79FB-468E-91D8-D400C7CBCADB}.Release|Any CPU.ActiveCfg = Release|Any CPU
		{28246082-79FB-468E-91D8-D400C7CBCADB}.Release|Any CPU.Build.0 = Release|Any CPU
		{1027A158-B83B-4BB0-A8B3-D387252F5982}.Debug|Any CPU.ActiveCfg = Debug|Any CPU
		{1027A158-B83B-4BB0-A8B3-D387252F5982}.Debug|Any CPU.Build.0 = Debug|Any CPU
		{1027A158-B83B-4BB0-A8B3-D387252F5982}.Release|Any CPU.ActiveCfg = Release|Any CPU
		{1027A158-B83B-4BB0-A8B3-D387252F5982}.Release|Any CPU.Build.0 = Release|Any CPU
		{B1791758-EB49-41F0-BEAB-AC83160E2BEE}.Debug|Any CPU.ActiveCfg = Debug|Any CPU
		{B1791758-EB49-41F0-BEAB-AC83160E2BEE}.Debug|Any CPU.Build.0 = Debug|Any CPU
		{B1791758-EB49-41F0-BEAB-AC83160E2BEE}.Release|Any CPU.ActiveCfg = Release|Any CPU
		{B1791758-EB49-41F0-BEAB-AC83160E2BEE}.Release|Any CPU.Build.0 = Release|Any CPU
		{237C8A3F-F2AF-420C-873E-D3DF504DC7A2}.Debug|Any CPU.ActiveCfg = Debug|Any CPU
		{237C8A3F-F2AF-420C-873E-D3DF504DC7A2}.Debug|Any CPU.Build.0 = Debug|Any CPU
		{237C8A3F-F2AF-420C-873E-D3DF504DC7A2}.Release|Any CPU.ActiveCfg = Release|Any CPU
		{237C8A3F-F2AF-420C-873E-D3DF504DC7A2}.Release|Any CPU.Build.0 = Release|Any CPU
		{D2A5BB81-28E8-4C72-9E11-379DFCE5C311}.Debug|Any CPU.ActiveCfg = Debug|Any CPU
		{D2A5BB81-28E8-4C72-9E11-379DFCE5C311}.Debug|Any CPU.Build.0 = Debug|Any CPU
		{D2A5BB81-28E8-4C72-9E11-379DFCE5C311}.Release|Any CPU.ActiveCfg = Release|Any CPU
		{D2A5BB81-28E8-4C72-9E11-379DFCE5C311}.Release|Any CPU.Build.0 = Release|Any CPU
		{FD1DD2C6-A7B5-4BF3-8BD3-DCE9BF1EE2B0}.Debug|Any CPU.ActiveCfg = Debug|Any CPU
		{FD1DD2C6-A7B5-4BF3-8BD3-DCE9BF1EE2B0}.Debug|Any CPU.Build.0 = Debug|Any CPU
		{FD1DD2C6-A7B5-4BF3-8BD3-DCE9BF1EE2B0}.Release|Any CPU.ActiveCfg = Release|Any CPU
		{FD1DD2C6-A7B5-4BF3-8BD3-DCE9BF1EE2B0}.Release|Any CPU.Build.0 = Release|Any CPU
		{CD3788D9-EAF3-428E-A237-FE24A7D76CC0}.Debug|Any CPU.ActiveCfg = Debug|Any CPU
		{CD3788D9-EAF3-428E-A237-FE24A7D76CC0}.Debug|Any CPU.Build.0 = Debug|Any CPU
		{CD3788D9-EAF3-428E-A237-FE24A7D76CC0}.Release|Any CPU.ActiveCfg = Release|Any CPU
		{CD3788D9-EAF3-428E-A237-FE24A7D76CC0}.Release|Any CPU.Build.0 = Release|Any CPU
		{BC33650E-E774-48B5-B35D-01B1E04BBC05}.Debug|Any CPU.ActiveCfg = Debug|Any CPU
		{BC33650E-E774-48B5-B35D-01B1E04BBC05}.Debug|Any CPU.Build.0 = Debug|Any CPU
		{BC33650E-E774-48B5-B35D-01B1E04BBC05}.Release|Any CPU.ActiveCfg = Release|Any CPU
		{BC33650E-E774-48B5-B35D-01B1E04BBC05}.Release|Any CPU.Build.0 = Release|Any CPU
		{7FCF5FC3-F59C-4A89-A511-EF98201181F3}.Debug|Any CPU.ActiveCfg = Debug|Any CPU
		{7FCF5FC3-F59C-4A89-A511-EF98201181F3}.Debug|Any CPU.Build.0 = Debug|Any CPU
		{7FCF5FC3-F59C-4A89-A511-EF98201181F3}.Release|Any CPU.ActiveCfg = Release|Any CPU
		{7FCF5FC3-F59C-4A89-A511-EF98201181F3}.Release|Any CPU.Build.0 = Release|Any CPU
		{FD052A19-B9B3-4A74-A9C0-6EA0C26A8D1B}.Debug|Any CPU.ActiveCfg = Debug|Any CPU
		{FD052A19-B9B3-4A74-A9C0-6EA0C26A8D1B}.Debug|Any CPU.Build.0 = Debug|Any CPU
		{FD052A19-B9B3-4A74-A9C0-6EA0C26A8D1B}.Release|Any CPU.ActiveCfg = Release|Any CPU
		{FD052A19-B9B3-4A74-A9C0-6EA0C26A8D1B}.Release|Any CPU.Build.0 = Release|Any CPU
		{5E722C8E-2C81-42DF-B70E-7AC0AEBD1593}.Debug|Any CPU.ActiveCfg = Debug|Any CPU
		{5E722C8E-2C81-42DF-B70E-7AC0AEBD1593}.Debug|Any CPU.Build.0 = Debug|Any CPU
		{5E722C8E-2C81-42DF-B70E-7AC0AEBD1593}.Release|Any CPU.ActiveCfg = Release|Any CPU
		{5E722C8E-2C81-42DF-B70E-7AC0AEBD1593}.Release|Any CPU.Build.0 = Release|Any CPU
		{0C98213A-A553-40DC-BEA9-137BDE4A7398}.Debug|Any CPU.ActiveCfg = Debug|Any CPU
		{0C98213A-A553-40DC-BEA9-137BDE4A7398}.Debug|Any CPU.Build.0 = Debug|Any CPU
		{0C98213A-A553-40DC-BEA9-137BDE4A7398}.Release|Any CPU.ActiveCfg = Release|Any CPU
		{0C98213A-A553-40DC-BEA9-137BDE4A7398}.Release|Any CPU.Build.0 = Release|Any CPU
		{1755E8DB-970C-4A24-8B7C-A2BEC1410BEE}.Debug|Any CPU.ActiveCfg = Debug|Any CPU
		{1755E8DB-970C-4A24-8B7C-A2BEC1410BEE}.Debug|Any CPU.Build.0 = Debug|Any CPU
		{1755E8DB-970C-4A24-8B7C-A2BEC1410BEE}.Release|Any CPU.ActiveCfg = Release|Any CPU
		{1755E8DB-970C-4A24-8B7C-A2BEC1410BEE}.Release|Any CPU.Build.0 = Release|Any CPU
		{80080C1D-579E-4AB2-935D-5CFFC51843D8}.Debug|Any CPU.ActiveCfg = Debug|Any CPU
		{80080C1D-579E-4AB2-935D-5CFFC51843D8}.Debug|Any CPU.Build.0 = Debug|Any CPU
		{80080C1D-579E-4AB2-935D-5CFFC51843D8}.Release|Any CPU.ActiveCfg = Release|Any CPU
		{80080C1D-579E-4AB2-935D-5CFFC51843D8}.Release|Any CPU.Build.0 = Release|Any CPU
		{E9E8B374-4165-45F2-8DF5-F141E141AC1D}.Debug|Any CPU.ActiveCfg = Debug|Any CPU
		{E9E8B374-4165-45F2-8DF5-F141E141AC1D}.Debug|Any CPU.Build.0 = Debug|Any CPU
		{E9E8B374-4165-45F2-8DF5-F141E141AC1D}.Release|Any CPU.ActiveCfg = Release|Any CPU
		{E9E8B374-4165-45F2-8DF5-F141E141AC1D}.Release|Any CPU.Build.0 = Release|Any CPU
		{8F6CDF12-5316-4AAF-A1F1-264337585698}.Debug|Any CPU.ActiveCfg = Debug|Any CPU
		{8F6CDF12-5316-4AAF-A1F1-264337585698}.Debug|Any CPU.Build.0 = Debug|Any CPU
		{8F6CDF12-5316-4AAF-A1F1-264337585698}.Release|Any CPU.ActiveCfg = Release|Any CPU
		{8F6CDF12-5316-4AAF-A1F1-264337585698}.Release|Any CPU.Build.0 = Release|Any CPU
	EndGlobalSection
	GlobalSection(SolutionProperties) = preSolution
		HideSolutionNode = FALSE
	EndGlobalSection
	GlobalSection(NestedProjects) = preSolution
		{068CB250-2804-4C7E-9490-17F432B9CE21} = {A97E7FE2-FFFD-4E23-B004-86BDB9AFAFF0}
		{ADAAA63C-E17C-4F1B-A062-3CCA071D75C2} = {ED24B548-6F37-4283-A35B-F6015BFB7A34}
		{0A782A83-B66D-4B99-9BE2-2B18AAD2E03C} = {ED24B548-6F37-4283-A35B-F6015BFB7A34}
		{292BCEDD-55B4-49BB-B8B2-24CD834FF2AA} = {A97E7FE2-FFFD-4E23-B004-86BDB9AFAFF0}
		{EF626895-FDAE-4B28-9110-BA85671CBBF2} = {A97E7FE2-FFFD-4E23-B004-86BDB9AFAFF0}
		{58483813-0D7C-423E-8E7D-8FBF3E6CDB6D} = {A97E7FE2-FFFD-4E23-B004-86BDB9AFAFF0}
		{ED24B548-6F37-4283-A35B-F6015BFB7A34} = {A97E7FE2-FFFD-4E23-B004-86BDB9AFAFF0}
		{96F5D441-B8DE-4ABC-BEF2-F758D1B2BA39} = {A97E7FE2-FFFD-4E23-B004-86BDB9AFAFF0}
		{A30B89BE-418D-47CC-88C0-600AC8B0A5B4} = {58483813-0D7C-423E-8E7D-8FBF3E6CDB6D}
		{0829B33A-5942-4DA7-BBD4-77EF2DF1C39C} = {58483813-0D7C-423E-8E7D-8FBF3E6CDB6D}
		{09D8AD16-45E4-4443-BCF6-7981FF69A3A3} = {58483813-0D7C-423E-8E7D-8FBF3E6CDB6D}
		{9BF4C82B-3E20-450C-BDFF-549575DB231A} = {292BCEDD-55B4-49BB-B8B2-24CD834FF2AA}
		{0F461CEC-CC0D-4557-A4E7-98262CA976AE} = {292BCEDD-55B4-49BB-B8B2-24CD834FF2AA}
		{1FF13D3E-803F-402E-BBBE-3688ABCBE58C} = {068CB250-2804-4C7E-9490-17F432B9CE21}
		{966B54E9-1ADB-40C3-9D17-8987182834A7} = {068CB250-2804-4C7E-9490-17F432B9CE21}
		{2D5469E0-CACB-49AB-A3C2-2758C5A3303A} = {068CB250-2804-4C7E-9490-17F432B9CE21}
		{D05610E6-865A-487E-8FE3-8F64A38098CD} = {EF626895-FDAE-4B28-9110-BA85671CBBF2}
		{6E1A8664-805C-4513-9D2A-3648A2C0FC0E} = {EF626895-FDAE-4B28-9110-BA85671CBBF2}
		{21A3E0A6-94DD-44BA-8707-14D18AA0B037} = {0A782A83-B66D-4B99-9BE2-2B18AAD2E03C}
		{B2955BD4-8A74-4C00-8559-2357D2C3A48F} = {ADAAA63C-E17C-4F1B-A062-3CCA071D75C2}
		{3AA3BB1D-B1BB-4B30-AF5C-FE554ECC4025} = {ADAAA63C-E17C-4F1B-A062-3CCA071D75C2}
		{CEFFB532-0F13-4BEC-B119-B61CC0C024C3} = {ADAAA63C-E17C-4F1B-A062-3CCA071D75C2}
		{794CDAEA-4EBE-4B39-B42F-D40B2C6C10EF} = {ADAAA63C-E17C-4F1B-A062-3CCA071D75C2}
		{28246082-79FB-468E-91D8-D400C7CBCADB} = {ADAAA63C-E17C-4F1B-A062-3CCA071D75C2}
		{1027A158-B83B-4BB0-A8B3-D387252F5982} = {ADAAA63C-E17C-4F1B-A062-3CCA071D75C2}
		{B1791758-EB49-41F0-BEAB-AC83160E2BEE} = {ADAAA63C-E17C-4F1B-A062-3CCA071D75C2}
		{237C8A3F-F2AF-420C-873E-D3DF504DC7A2} = {303AE78F-6C96-4DF4-AC89-5C4FD53AFF0B}
		{D2A5BB81-28E8-4C72-9E11-379DFCE5C311} = {303AE78F-6C96-4DF4-AC89-5C4FD53AFF0B}
		{FD1DD2C6-A7B5-4BF3-8BD3-DCE9BF1EE2B0} = {303AE78F-6C96-4DF4-AC89-5C4FD53AFF0B}
		{CD3788D9-EAF3-428E-A237-FE24A7D76CC0} = {303AE78F-6C96-4DF4-AC89-5C4FD53AFF0B}
		{BC33650E-E774-48B5-B35D-01B1E04BBC05} = {303AE78F-6C96-4DF4-AC89-5C4FD53AFF0B}
		{7FCF5FC3-F59C-4A89-A511-EF98201181F3} = {303AE78F-6C96-4DF4-AC89-5C4FD53AFF0B}
		{FD052A19-B9B3-4A74-A9C0-6EA0C26A8D1B} = {303AE78F-6C96-4DF4-AC89-5C4FD53AFF0B}
		{5E722C8E-2C81-42DF-B70E-7AC0AEBD1593} = {303AE78F-6C96-4DF4-AC89-5C4FD53AFF0B}
		{0C98213A-A553-40DC-BEA9-137BDE4A7398} = {96F5D441-B8DE-4ABC-BEF2-F758D1B2BA39}
		{1755E8DB-970C-4A24-8B7C-A2BEC1410BEE} = {7A9B997B-DAAC-4004-94F3-32F6B88E0068}
		{80080C1D-579E-4AB2-935D-5CFFC51843D8} = {7A9B997B-DAAC-4004-94F3-32F6B88E0068}
		{E9E8B374-4165-45F2-8DF5-F141E141AC1D} = {303AE78F-6C96-4DF4-AC89-5C4FD53AFF0B}
		{8F6CDF12-5316-4AAF-A1F1-264337585698} = {303AE78F-6C96-4DF4-AC89-5C4FD53AFF0B}
	EndGlobalSection
	GlobalSection(ExtensibilityGlobals) = postSolution
		SolutionGuid = {6AE955B5-16B0-41CF-9F12-66D15B3DD1AB}
	EndGlobalSection
EndGlobal
