
Microsoft Visual Studio Solution File, Format Version 12.00
# Visual Studio Version 16
VisualStudioVersion = 16.0.29709.97
MinimumVisualStudioVersion = 10.0.40219.1
Project("{9A19103F-16F7-4668-BE54-9A1E7A4F7556}") = "KafkaFlow", "KafkaFlow\KafkaFlow.csproj", "{E1055352-9F5B-4980-80A3-50C335B79A16}"
EndProject
Project("{9A19103F-16F7-4668-BE54-9A1E7A4F7556}") = "KafkaFlow.Compressor.Gzip", "KafkaFlow.Compressor.Gzip\KafkaFlow.Compressor.Gzip.csproj", "{B668ACDA-5E45-4985-9D33-6EDFF9059D9A}"
EndProject
Project("{9A19103F-16F7-4668-BE54-9A1E7A4F7556}") = "KafkaFlow.Serializer.Json", "KafkaFlow.Serializer.Json\KafkaFlow.Serializer.Json.csproj", "{42CFFA0D-3BF2-42F0-A1B0-BDCD30CBB470}"
EndProject
Project("{9A19103F-16F7-4668-BE54-9A1E7A4F7556}") = "KafkaFlow.Serializer.ProtoBuf", "KafkaFlow.Serializer.ProtoBuf\KafkaFlow.Serializer.ProtoBuf.csproj", "{8917E0B9-A943-46FB-8E91-6E9B91F976F6}"
EndProject
Project("{9A19103F-16F7-4668-BE54-9A1E7A4F7556}") = "KafkaFlow.UnitTests", "KafkaFlow.UnitTests\KafkaFlow.UnitTests.csproj", "{CE82B50F-6C03-4875-ADF5-63FD5B7F1AF8}"
EndProject
Project("{2150E333-8FDC-42A3-9474-1A3956D46DE8}") = "Framework", "Framework", "{068CB250-2804-4C7E-9490-17F432B9CE21}"
EndProject
Project("{2150E333-8FDC-42A3-9474-1A3956D46DE8}") = "Tests", "Tests", "{7A9B997B-DAAC-4004-94F3-32F6B88E0068}"
EndProject
Project("{2150E333-8FDC-42A3-9474-1A3956D46DE8}") = "Samples", "Samples", "{303AE78F-6C96-4DF4-AC89-5C4FD53AFF0B}"
EndProject
Project("{2150E333-8FDC-42A3-9474-1A3956D46DE8}") = "Serialization", "Serialization", "{ADAAA63C-E17C-4F1B-A062-3CCA071D75C2}"
EndProject
Project("{2150E333-8FDC-42A3-9474-1A3956D46DE8}") = "Compression", "Compression", "{0A782A83-B66D-4B99-9BE2-2B18AAD2E03C}"
EndProject
Project("{9A19103F-16F7-4668-BE54-9A1E7A4F7556}") = "KafkaFlow.Abstractions", "KafkaFlow.Abstractions\KafkaFlow.Abstractions.csproj", "{88808771-56BE-422B-94DC-7AB070F64E98}"
EndProject
Project("{9A19103F-16F7-4668-BE54-9A1E7A4F7556}") = "KafkaFlow.TypedHandler", "KafkaFlow.TypedHandler\KafkaFlow.TypedHandler.csproj", "{E47EF9E0-A1C7-4FF0-AEC5-143F52ED0FBE}"
EndProject
Project("{9A19103F-16F7-4668-BE54-9A1E7A4F7556}") = "KafkaFlow.Serializer", "KafkaFlow.Serializer\KafkaFlow.Serializer.csproj", "{B7197114-B1C7-49EC-8740-1E09233B2C40}"
EndProject
Project("{9A19103F-16F7-4668-BE54-9A1E7A4F7556}") = "KafkaFlow.Compressor", "KafkaFlow.Compressor\KafkaFlow.Compressor.csproj", "{D29EC709-33DE-4045-8F3B-EC6619CDB429}"
EndProject
Project("{FAE04EC0-301F-11D3-BF4B-00C04F79EFBC}") = "KafkaFlow.IntegrationTests", "KafkaFlow.IntegrationTests\KafkaFlow.IntegrationTests.csproj", "{36F459F4-8323-472A-A8C5-8C9D89F92012}"
EndProject
Project("{FAE04EC0-301F-11D3-BF4B-00C04F79EFBC}") = "KafkaFlow.Serializer.NewtonsoftJson", "KafkaFlow.Serializer.NewtonsoftJson\KafkaFlow.Serializer.NewtonsoftJson.csproj", "{FC622AB0-6481-4249-8D83-27BC39912103}"
EndProject
Project("{2150E333-8FDC-42A3-9474-1A3956D46DE8}") = "DependencyResolvers", "DependencyResolvers", "{292BCEDD-55B4-49BB-B8B2-24CD834FF2AA}"
EndProject
Project("{FAE04EC0-301F-11D3-BF4B-00C04F79EFBC}") = "KafkaFlow.Microsoft.DependencyInjection", "KafkaFlow.Microsoft.DependencyInjection\KafkaFlow.Microsoft.DependencyInjection.csproj", "{B86A51E3-7AC9-4EF8-BD2A-1ACC9EF0F5AE}"
EndProject
Project("{FAE04EC0-301F-11D3-BF4B-00C04F79EFBC}") = "KafkaFlow.Unity", "KafkaFlow.Unity\KafkaFlow.Unity.csproj", "{22DB5734-E792-4309-B565-77F02D27D88C}"
EndProject
Project("{FAE04EC0-301F-11D3-BF4B-00C04F79EFBC}") = "KafkaFlow.Sample", "..\samples\KafkaFlow.Sample\KafkaFlow.Sample.csproj", "{E59C13AF-41E7-4DFA-B118-A65EA87F0605}"
EndProject
Project("{2150E333-8FDC-42A3-9474-1A3956D46DE8}") = "LogHandlers", "LogHandlers", "{EF626895-FDAE-4B28-9110-BA85671CBBF2}"
EndProject
Project("{FAE04EC0-301F-11D3-BF4B-00C04F79EFBC}") = "KafkaFlow.LogHandler.Console", "KafkaFlow.LogHandler.Console\KafkaFlow.LogHandler.Console.csproj", "{6E9F7CDC-E935-4A51-9358-2E6DBB901A34}"
EndProject
Project("{2150E333-8FDC-42A3-9474-1A3956D46DE8}") = "Admin", "Admin", "{58483813-0D7C-423E-8E7D-8FBF3E6CDB6D}"
EndProject
Project("{FAE04EC0-301F-11D3-BF4B-00C04F79EFBC}") = "KafkaFlow.Admin", "KafkaFlow.Admin\KafkaFlow.Admin.csproj", "{46B6F104-D46E-4DC2-ADC2-18E76F5BBCD9}"
EndProject
Project("{FAE04EC0-301F-11D3-BF4B-00C04F79EFBC}") = "KafkaFlow.Admin.WebApi", "KafkaFlow.Admin.WebApi\KafkaFlow.Admin.WebApi.csproj", "{827620D3-2258-410E-A79E-E782ED42284C}"
EndProject
Project("{FAE04EC0-301F-11D3-BF4B-00C04F79EFBC}") = "KafkaFlow.Admin.WebApi.Sample", "..\samples\KafkaFlow.Admin.WebApi.Sample\KafkaFlow.Admin.WebApi.Sample.csproj", "{15C12D0C-FE8A-41F9-BBCF-5A963F05D5C7}"
EndProject
Project("{FAE04EC0-301F-11D3-BF4B-00C04F79EFBC}") = "KafkaFlow.Serializer.ApacheAvro", "KafkaFlow.Serializer.ApacheAvro\KafkaFlow.Serializer.ApacheAvro.csproj", "{2E63A019-F8AD-4EC3-A80A-F560DEC7C5B4}"
EndProject
Project("{FAE04EC0-301F-11D3-BF4B-00C04F79EFBC}") = "KafkaFlow.Avro.Sample", "..\samples\KafkaFlow.Avro.Sample\KafkaFlow.Avro.Sample.csproj", "{5884FD90-F649-4E43-8638-FCC4C0B0C5CA}"
EndProject
Global
	GlobalSection(SolutionConfigurationPlatforms) = preSolution
		Debug|Any CPU = Debug|Any CPU
		Release|Any CPU = Release|Any CPU
	EndGlobalSection
	GlobalSection(ProjectConfigurationPlatforms) = postSolution
		{E1055352-9F5B-4980-80A3-50C335B79A16}.Debug|Any CPU.ActiveCfg = Debug|Any CPU
		{E1055352-9F5B-4980-80A3-50C335B79A16}.Debug|Any CPU.Build.0 = Debug|Any CPU
		{E1055352-9F5B-4980-80A3-50C335B79A16}.Release|Any CPU.ActiveCfg = Release|Any CPU
		{E1055352-9F5B-4980-80A3-50C335B79A16}.Release|Any CPU.Build.0 = Release|Any CPU
		{B668ACDA-5E45-4985-9D33-6EDFF9059D9A}.Debug|Any CPU.ActiveCfg = Debug|Any CPU
		{B668ACDA-5E45-4985-9D33-6EDFF9059D9A}.Debug|Any CPU.Build.0 = Debug|Any CPU
		{B668ACDA-5E45-4985-9D33-6EDFF9059D9A}.Release|Any CPU.ActiveCfg = Release|Any CPU
		{B668ACDA-5E45-4985-9D33-6EDFF9059D9A}.Release|Any CPU.Build.0 = Release|Any CPU
		{42CFFA0D-3BF2-42F0-A1B0-BDCD30CBB470}.Debug|Any CPU.ActiveCfg = Debug|Any CPU
		{42CFFA0D-3BF2-42F0-A1B0-BDCD30CBB470}.Debug|Any CPU.Build.0 = Debug|Any CPU
		{42CFFA0D-3BF2-42F0-A1B0-BDCD30CBB470}.Release|Any CPU.ActiveCfg = Release|Any CPU
		{42CFFA0D-3BF2-42F0-A1B0-BDCD30CBB470}.Release|Any CPU.Build.0 = Release|Any CPU
		{8917E0B9-A943-46FB-8E91-6E9B91F976F6}.Debug|Any CPU.ActiveCfg = Debug|Any CPU
		{8917E0B9-A943-46FB-8E91-6E9B91F976F6}.Debug|Any CPU.Build.0 = Debug|Any CPU
		{8917E0B9-A943-46FB-8E91-6E9B91F976F6}.Release|Any CPU.ActiveCfg = Release|Any CPU
		{8917E0B9-A943-46FB-8E91-6E9B91F976F6}.Release|Any CPU.Build.0 = Release|Any CPU
		{CE82B50F-6C03-4875-ADF5-63FD5B7F1AF8}.Debug|Any CPU.ActiveCfg = Debug|Any CPU
		{CE82B50F-6C03-4875-ADF5-63FD5B7F1AF8}.Debug|Any CPU.Build.0 = Debug|Any CPU
		{CE82B50F-6C03-4875-ADF5-63FD5B7F1AF8}.Release|Any CPU.ActiveCfg = Release|Any CPU
		{CE82B50F-6C03-4875-ADF5-63FD5B7F1AF8}.Release|Any CPU.Build.0 = Release|Any CPU
		{88808771-56BE-422B-94DC-7AB070F64E98}.Debug|Any CPU.ActiveCfg = Debug|Any CPU
		{88808771-56BE-422B-94DC-7AB070F64E98}.Debug|Any CPU.Build.0 = Debug|Any CPU
		{88808771-56BE-422B-94DC-7AB070F64E98}.Release|Any CPU.ActiveCfg = Release|Any CPU
		{88808771-56BE-422B-94DC-7AB070F64E98}.Release|Any CPU.Build.0 = Release|Any CPU
		{E47EF9E0-A1C7-4FF0-AEC5-143F52ED0FBE}.Debug|Any CPU.ActiveCfg = Debug|Any CPU
		{E47EF9E0-A1C7-4FF0-AEC5-143F52ED0FBE}.Debug|Any CPU.Build.0 = Debug|Any CPU
		{E47EF9E0-A1C7-4FF0-AEC5-143F52ED0FBE}.Release|Any CPU.ActiveCfg = Release|Any CPU
		{E47EF9E0-A1C7-4FF0-AEC5-143F52ED0FBE}.Release|Any CPU.Build.0 = Release|Any CPU
		{B7197114-B1C7-49EC-8740-1E09233B2C40}.Debug|Any CPU.ActiveCfg = Debug|Any CPU
		{B7197114-B1C7-49EC-8740-1E09233B2C40}.Debug|Any CPU.Build.0 = Debug|Any CPU
		{B7197114-B1C7-49EC-8740-1E09233B2C40}.Release|Any CPU.ActiveCfg = Release|Any CPU
		{B7197114-B1C7-49EC-8740-1E09233B2C40}.Release|Any CPU.Build.0 = Release|Any CPU
		{D29EC709-33DE-4045-8F3B-EC6619CDB429}.Debug|Any CPU.ActiveCfg = Debug|Any CPU
		{D29EC709-33DE-4045-8F3B-EC6619CDB429}.Debug|Any CPU.Build.0 = Debug|Any CPU
		{D29EC709-33DE-4045-8F3B-EC6619CDB429}.Release|Any CPU.ActiveCfg = Release|Any CPU
		{D29EC709-33DE-4045-8F3B-EC6619CDB429}.Release|Any CPU.Build.0 = Release|Any CPU
		{36F459F4-8323-472A-A8C5-8C9D89F92012}.Debug|Any CPU.ActiveCfg = Debug|Any CPU
		{36F459F4-8323-472A-A8C5-8C9D89F92012}.Debug|Any CPU.Build.0 = Debug|Any CPU
		{36F459F4-8323-472A-A8C5-8C9D89F92012}.Release|Any CPU.ActiveCfg = Release|Any CPU
		{36F459F4-8323-472A-A8C5-8C9D89F92012}.Release|Any CPU.Build.0 = Release|Any CPU
		{FC622AB0-6481-4249-8D83-27BC39912103}.Debug|Any CPU.ActiveCfg = Debug|Any CPU
		{FC622AB0-6481-4249-8D83-27BC39912103}.Debug|Any CPU.Build.0 = Debug|Any CPU
		{FC622AB0-6481-4249-8D83-27BC39912103}.Release|Any CPU.ActiveCfg = Release|Any CPU
		{FC622AB0-6481-4249-8D83-27BC39912103}.Release|Any CPU.Build.0 = Release|Any CPU
		{B86A51E3-7AC9-4EF8-BD2A-1ACC9EF0F5AE}.Debug|Any CPU.ActiveCfg = Debug|Any CPU
		{B86A51E3-7AC9-4EF8-BD2A-1ACC9EF0F5AE}.Debug|Any CPU.Build.0 = Debug|Any CPU
		{B86A51E3-7AC9-4EF8-BD2A-1ACC9EF0F5AE}.Release|Any CPU.ActiveCfg = Release|Any CPU
		{B86A51E3-7AC9-4EF8-BD2A-1ACC9EF0F5AE}.Release|Any CPU.Build.0 = Release|Any CPU
		{22DB5734-E792-4309-B565-77F02D27D88C}.Debug|Any CPU.ActiveCfg = Debug|Any CPU
		{22DB5734-E792-4309-B565-77F02D27D88C}.Debug|Any CPU.Build.0 = Debug|Any CPU
		{22DB5734-E792-4309-B565-77F02D27D88C}.Release|Any CPU.ActiveCfg = Release|Any CPU
		{22DB5734-E792-4309-B565-77F02D27D88C}.Release|Any CPU.Build.0 = Release|Any CPU
		{E59C13AF-41E7-4DFA-B118-A65EA87F0605}.Debug|Any CPU.ActiveCfg = Debug|Any CPU
		{E59C13AF-41E7-4DFA-B118-A65EA87F0605}.Debug|Any CPU.Build.0 = Debug|Any CPU
		{E59C13AF-41E7-4DFA-B118-A65EA87F0605}.Release|Any CPU.ActiveCfg = Release|Any CPU
		{E59C13AF-41E7-4DFA-B118-A65EA87F0605}.Release|Any CPU.Build.0 = Release|Any CPU
		{6E9F7CDC-E935-4A51-9358-2E6DBB901A34}.Debug|Any CPU.ActiveCfg = Debug|Any CPU
		{6E9F7CDC-E935-4A51-9358-2E6DBB901A34}.Debug|Any CPU.Build.0 = Debug|Any CPU
		{6E9F7CDC-E935-4A51-9358-2E6DBB901A34}.Release|Any CPU.ActiveCfg = Release|Any CPU
		{6E9F7CDC-E935-4A51-9358-2E6DBB901A34}.Release|Any CPU.Build.0 = Release|Any CPU
		{46B6F104-D46E-4DC2-ADC2-18E76F5BBCD9}.Debug|Any CPU.ActiveCfg = Debug|Any CPU
		{46B6F104-D46E-4DC2-ADC2-18E76F5BBCD9}.Debug|Any CPU.Build.0 = Debug|Any CPU
		{46B6F104-D46E-4DC2-ADC2-18E76F5BBCD9}.Release|Any CPU.ActiveCfg = Release|Any CPU
		{46B6F104-D46E-4DC2-ADC2-18E76F5BBCD9}.Release|Any CPU.Build.0 = Release|Any CPU
		{827620D3-2258-410E-A79E-E782ED42284C}.Debug|Any CPU.ActiveCfg = Debug|Any CPU
		{827620D3-2258-410E-A79E-E782ED42284C}.Debug|Any CPU.Build.0 = Debug|Any CPU
		{827620D3-2258-410E-A79E-E782ED42284C}.Release|Any CPU.ActiveCfg = Release|Any CPU
		{827620D3-2258-410E-A79E-E782ED42284C}.Release|Any CPU.Build.0 = Release|Any CPU
		{15C12D0C-FE8A-41F9-BBCF-5A963F05D5C7}.Debug|Any CPU.ActiveCfg = Debug|Any CPU
		{15C12D0C-FE8A-41F9-BBCF-5A963F05D5C7}.Debug|Any CPU.Build.0 = Debug|Any CPU
		{15C12D0C-FE8A-41F9-BBCF-5A963F05D5C7}.Release|Any CPU.ActiveCfg = Release|Any CPU
		{15C12D0C-FE8A-41F9-BBCF-5A963F05D5C7}.Release|Any CPU.Build.0 = Release|Any CPU
		{2E63A019-F8AD-4EC3-A80A-F560DEC7C5B4}.Debug|Any CPU.ActiveCfg = Debug|Any CPU
		{2E63A019-F8AD-4EC3-A80A-F560DEC7C5B4}.Debug|Any CPU.Build.0 = Debug|Any CPU
		{2E63A019-F8AD-4EC3-A80A-F560DEC7C5B4}.Release|Any CPU.ActiveCfg = Release|Any CPU
		{2E63A019-F8AD-4EC3-A80A-F560DEC7C5B4}.Release|Any CPU.Build.0 = Release|Any CPU
		{5884FD90-F649-4E43-8638-FCC4C0B0C5CA}.Debug|Any CPU.ActiveCfg = Debug|Any CPU
		{5884FD90-F649-4E43-8638-FCC4C0B0C5CA}.Debug|Any CPU.Build.0 = Debug|Any CPU
		{5884FD90-F649-4E43-8638-FCC4C0B0C5CA}.Release|Any CPU.ActiveCfg = Release|Any CPU
		{5884FD90-F649-4E43-8638-FCC4C0B0C5CA}.Release|Any CPU.Build.0 = Release|Any CPU
	EndGlobalSection
	GlobalSection(SolutionProperties) = preSolution
		HideSolutionNode = FALSE
	EndGlobalSection
	GlobalSection(NestedProjects) = preSolution
		{E1055352-9F5B-4980-80A3-50C335B79A16} = {068CB250-2804-4C7E-9490-17F432B9CE21}
		{B668ACDA-5E45-4985-9D33-6EDFF9059D9A} = {0A782A83-B66D-4B99-9BE2-2B18AAD2E03C}
		{42CFFA0D-3BF2-42F0-A1B0-BDCD30CBB470} = {ADAAA63C-E17C-4F1B-A062-3CCA071D75C2}
		{8917E0B9-A943-46FB-8E91-6E9B91F976F6} = {ADAAA63C-E17C-4F1B-A062-3CCA071D75C2}
		{CE82B50F-6C03-4875-ADF5-63FD5B7F1AF8} = {7A9B997B-DAAC-4004-94F3-32F6B88E0068}
		{88808771-56BE-422B-94DC-7AB070F64E98} = {068CB250-2804-4C7E-9490-17F432B9CE21}
		{E47EF9E0-A1C7-4FF0-AEC5-143F52ED0FBE} = {068CB250-2804-4C7E-9490-17F432B9CE21}
		{B7197114-B1C7-49EC-8740-1E09233B2C40} = {ADAAA63C-E17C-4F1B-A062-3CCA071D75C2}
		{D29EC709-33DE-4045-8F3B-EC6619CDB429} = {0A782A83-B66D-4B99-9BE2-2B18AAD2E03C}
		{36F459F4-8323-472A-A8C5-8C9D89F92012} = {7A9B997B-DAAC-4004-94F3-32F6B88E0068}
		{FC622AB0-6481-4249-8D83-27BC39912103} = {ADAAA63C-E17C-4F1B-A062-3CCA071D75C2}
		{B86A51E3-7AC9-4EF8-BD2A-1ACC9EF0F5AE} = {292BCEDD-55B4-49BB-B8B2-24CD834FF2AA}
		{22DB5734-E792-4309-B565-77F02D27D88C} = {292BCEDD-55B4-49BB-B8B2-24CD834FF2AA}
		{E59C13AF-41E7-4DFA-B118-A65EA87F0605} = {303AE78F-6C96-4DF4-AC89-5C4FD53AFF0B}
		{6E9F7CDC-E935-4A51-9358-2E6DBB901A34} = {EF626895-FDAE-4B28-9110-BA85671CBBF2}
		{46B6F104-D46E-4DC2-ADC2-18E76F5BBCD9} = {58483813-0D7C-423E-8E7D-8FBF3E6CDB6D}
		{827620D3-2258-410E-A79E-E782ED42284C} = {58483813-0D7C-423E-8E7D-8FBF3E6CDB6D}
		{15C12D0C-FE8A-41F9-BBCF-5A963F05D5C7} = {58483813-0D7C-423E-8E7D-8FBF3E6CDB6D}
		{2E63A019-F8AD-4EC3-A80A-F560DEC7C5B4} = {ADAAA63C-E17C-4F1B-A062-3CCA071D75C2}
		{5884FD90-F649-4E43-8638-FCC4C0B0C5CA} = {303AE78F-6C96-4DF4-AC89-5C4FD53AFF0B}
	EndGlobalSection
	GlobalSection(ExtensibilityGlobals) = postSolution
		SolutionGuid = {6AE955B5-16B0-41CF-9F12-66D15B3DD1AB}
	EndGlobalSection
EndGlobal
