
Microsoft Visual Studio Solution File, Format Version 12.00
# Visual Studio Version 16
VisualStudioVersion = 16.0.29709.97
MinimumVisualStudioVersion = 10.0.40219.1
Project("{9A19103F-16F7-4668-BE54-9A1E7A4F7556}") = "KafkaFlow", "KafkaFlow\KafkaFlow.csproj", "{E1055352-9F5B-4980-80A3-50C335B79A16}"
EndProject
Project("{9A19103F-16F7-4668-BE54-9A1E7A4F7556}") = "KafkaFlow.Compressor.Gzip", "KafkaFlow.Compressor.Gzip\KafkaFlow.Compressor.Gzip.csproj", "{B668ACDA-5E45-4985-9D33-6EDFF9059D9A}"
EndProject
Project("{9A19103F-16F7-4668-BE54-9A1E7A4F7556}") = "KafkaFlow.Serializer.JsonCore", "KafkaFlow.Serializer.JsonCore\KafkaFlow.Serializer.JsonCore.csproj", "{42CFFA0D-3BF2-42F0-A1B0-BDCD30CBB470}"
EndProject
Project("{9A19103F-16F7-4668-BE54-9A1E7A4F7556}") = "KafkaFlow.Serializer.ProtobufNet", "KafkaFlow.Serializer.ProtobufNet\KafkaFlow.Serializer.ProtobufNet.csproj", "{8917E0B9-A943-46FB-8E91-6E9B91F976F6}"
EndProject
Project("{9A19103F-16F7-4668-BE54-9A1E7A4F7556}") = "KafkaFlow.UnitTests", "KafkaFlow.UnitTests\KafkaFlow.UnitTests.csproj", "{CE82B50F-6C03-4875-ADF5-63FD5B7F1AF8}"
EndProject
Project("{2150E333-8FDC-42A3-9474-1A3956D46DE8}") = "Framework", "Framework", "{068CB250-2804-4C7E-9490-17F432B9CE21}"
EndProject
Project("{2150E333-8FDC-42A3-9474-1A3956D46DE8}") = "Tests", "Tests", "{7A9B997B-DAAC-4004-94F3-32F6B88E0068}"
EndProject
Project("{2150E333-8FDC-42A3-9474-1A3956D46DE8}") = "Samples", "Samples", "{303AE78F-6C96-4DF4-AC89-5C4FD53AFF0B}"
EndProject
Project("{2150E333-8FDC-42A3-9474-1A3956D46DE8}") = "Serialization", "Serialization", "{ADAAA63C-E17C-4F1B-A062-3CCA071D75C2}"
EndProject
Project("{2150E333-8FDC-42A3-9474-1A3956D46DE8}") = "Compression", "Compression", "{0A782A83-B66D-4B99-9BE2-2B18AAD2E03C}"
EndProject
Project("{9A19103F-16F7-4668-BE54-9A1E7A4F7556}") = "KafkaFlow.Abstractions", "KafkaFlow.Abstractions\KafkaFlow.Abstractions.csproj", "{88808771-56BE-422B-94DC-7AB070F64E98}"
EndProject
Project("{9A19103F-16F7-4668-BE54-9A1E7A4F7556}") = "KafkaFlow.TypedHandler", "KafkaFlow.TypedHandler\KafkaFlow.TypedHandler.csproj", "{E47EF9E0-A1C7-4FF0-AEC5-143F52ED0FBE}"
EndProject
Project("{9A19103F-16F7-4668-BE54-9A1E7A4F7556}") = "KafkaFlow.Serializer", "KafkaFlow.Serializer\KafkaFlow.Serializer.csproj", "{B7197114-B1C7-49EC-8740-1E09233B2C40}"
EndProject
Project("{9A19103F-16F7-4668-BE54-9A1E7A4F7556}") = "KafkaFlow.Compressor", "KafkaFlow.Compressor\KafkaFlow.Compressor.csproj", "{D29EC709-33DE-4045-8F3B-EC6619CDB429}"
EndProject
Project("{9A19103F-16F7-4668-BE54-9A1E7A4F7556}") = "KafkaFlow.IntegrationTests", "KafkaFlow.IntegrationTests\KafkaFlow.IntegrationTests.csproj", "{36F459F4-8323-472A-A8C5-8C9D89F92012}"
EndProject
Project("{9A19103F-16F7-4668-BE54-9A1E7A4F7556}") = "KafkaFlow.Serializer.NewtonsoftJson", "KafkaFlow.Serializer.NewtonsoftJson\KafkaFlow.Serializer.NewtonsoftJson.csproj", "{FC622AB0-6481-4249-8D83-27BC39912103}"
EndProject
Project("{2150E333-8FDC-42A3-9474-1A3956D46DE8}") = "DependencyResolvers", "DependencyResolvers", "{292BCEDD-55B4-49BB-B8B2-24CD834FF2AA}"
EndProject
Project("{9A19103F-16F7-4668-BE54-9A1E7A4F7556}") = "KafkaFlow.Microsoft.DependencyInjection", "KafkaFlow.Microsoft.DependencyInjection\KafkaFlow.Microsoft.DependencyInjection.csproj", "{B86A51E3-7AC9-4EF8-BD2A-1ACC9EF0F5AE}"
EndProject
Project("{9A19103F-16F7-4668-BE54-9A1E7A4F7556}") = "KafkaFlow.Unity", "KafkaFlow.Unity\KafkaFlow.Unity.csproj", "{22DB5734-E792-4309-B565-77F02D27D88C}"
EndProject
Project("{9A19103F-16F7-4668-BE54-9A1E7A4F7556}") = "KafkaFlow.Sample", "..\samples\KafkaFlow.Sample\KafkaFlow.Sample.csproj", "{E59C13AF-41E7-4DFA-B118-A65EA87F0605}"
EndProject
Project("{2150E333-8FDC-42A3-9474-1A3956D46DE8}") = "LogHandlers", "LogHandlers", "{EF626895-FDAE-4B28-9110-BA85671CBBF2}"
EndProject
Project("{9A19103F-16F7-4668-BE54-9A1E7A4F7556}") = "KafkaFlow.LogHandler.Console", "KafkaFlow.LogHandler.Console\KafkaFlow.LogHandler.Console.csproj", "{6E9F7CDC-E935-4A51-9358-2E6DBB901A34}"
EndProject
Project("{2150E333-8FDC-42A3-9474-1A3956D46DE8}") = "Admin", "Admin", "{58483813-0D7C-423E-8E7D-8FBF3E6CDB6D}"
EndProject
Project("{9A19103F-16F7-4668-BE54-9A1E7A4F7556}") = "KafkaFlow.Admin", "KafkaFlow.Admin\KafkaFlow.Admin.csproj", "{46B6F104-D46E-4DC2-ADC2-18E76F5BBCD9}"
EndProject
Project("{9A19103F-16F7-4668-BE54-9A1E7A4F7556}") = "KafkaFlow.Admin.WebApi", "KafkaFlow.Admin.WebApi\KafkaFlow.Admin.WebApi.csproj", "{827620D3-2258-410E-A79E-E782ED42284C}"
EndProject
Project("{9A19103F-16F7-4668-BE54-9A1E7A4F7556}") = "KafkaFlow.Sample.WebApi", "..\samples\KafkaFlow.Sample.WebApi\KafkaFlow.Sample.WebApi.csproj", "{15C12D0C-FE8A-41F9-BBCF-5A963F05D5C7}"
EndProject
Project("{9A19103F-16F7-4668-BE54-9A1E7A4F7556}") = "KafkaFlow.Serializer.SchemaRegistry.ConfluentAvro", "KafkaFlow.Serializer.SchemaRegistry.ConfluentAvro\KafkaFlow.Serializer.SchemaRegistry.ConfluentAvro.csproj", "{2E63A019-F8AD-4EC3-A80A-F560DEC7C5B4}"
EndProject
Project("{2150E333-8FDC-42A3-9474-1A3956D46DE8}") = "Middlewares", "Middlewares", "{ED24B548-6F37-4283-A35B-F6015BFB7A34}"
EndProject
Project("{9A19103F-16F7-4668-BE54-9A1E7A4F7556}") = "KafkaFlow.BatchConsume", "KafkaFlow.BatchConsume\KafkaFlow.BatchConsume.csproj", "{C891D0DB-BE19-4D20-9E2F-61D413210F8D}"
EndProject
Project("{9A19103F-16F7-4668-BE54-9A1E7A4F7556}") = "KafkaFlow.Extensions.Hosting", "KafkaFlow.Extensions.Hosting\KafkaFlow.Extensions.Hosting.csproj", "{7913342E-80FD-4094-B892-18DAA2E6948F}"
EndProject
Project("{9A19103F-16F7-4668-BE54-9A1E7A4F7556}") = "KafkaFlow.SchemaRegistry", "KafkaFlow.SchemaRegistry\KafkaFlow.SchemaRegistry.csproj", "{98C9826C-76F6-4C21-8A32-D55C2647905B}"
EndProject
Project("{9A19103F-16F7-4668-BE54-9A1E7A4F7556}") = "KafkaFlow.Serializer.SchemaRegistry.ConfluentJson", "KafkaFlow.Serializer.SchemaRegistry.ConfluentJson\KafkaFlow.Serializer.SchemaRegistry.ConfluentJson.csproj", "{582D0B0C-F331-45A0-B4D8-CE9DC24F5389}"
EndProject
Project("{9A19103F-16F7-4668-BE54-9A1E7A4F7556}") = "KafkaFlow.Serializer.SchemaRegistry.ConfluentProtobuf", "KafkaFlow.Serializer.SchemaRegistry.ConfluentProtobuf\KafkaFlow.Serializer.SchemaRegistry.ConfluentProtobuf.csproj", "{F212D09B-9AD6-428F-9008-38BF1F470B3A}"
EndProject
Project("{9A19103F-16F7-4668-BE54-9A1E7A4F7556}") = "KafkaFlow.Admin.Dashboard", "KafkaFlow.Admin.Dashboard\KafkaFlow.Admin.Dashboard.csproj", "{4072F646-9393-4BF3-A479-0550AC1BB6C4}"
EndProject
Project("{FAE04EC0-301F-11D3-BF4B-00C04F79EFBC}") = "KafkaFlow.Sample.Dashboard", "..\samples\KafkaFlow.Sample.Dashboard\KafkaFlow.Sample.Dashboard.csproj", "{F32DC7DA-36EA-4199-91F5-81960FD9C650}"
EndProject
Project("{FAE04EC0-301F-11D3-BF4B-00C04F79EFBC}") = "KafkaFlow.Sample.SchemaRegistry", "..\samples\KafkaFlow.Sample.SchemaRegistry\KafkaFlow.Sample.SchemaRegistry.csproj", "{2BD49C06-7A88-4B98-91B0-659282D2A45E}"
EndProject
Project("{FAE04EC0-301F-11D3-BF4B-00C04F79EFBC}") = "KafkaFlow.Client", "KafkaFlow.Client\KafkaFlow.Client.csproj", "{D20C61A8-6B47-4768-B18B-5897F2DCAED9}"
EndProject
Project("{FAE04EC0-301F-11D3-BF4B-00C04F79EFBC}") = "KafkaFlow.Sample.BatchOperations", "..\samples\KafkaFlow.Sample.BatchOperations\KafkaFlow.Sample.BatchOperations.csproj", "{041A62E1-D7C4-4900-9253-7885B7EDC5DB}"
EndProject
Project("{FAE04EC0-301F-11D3-BF4B-00C04F79EFBC}") = "KafkaFlow.Sample.ProducerThrottling", "..\samples\KafkaFlow.Sample.ProducerThrottling\KafkaFlow.Sample.ProducerThrottling.csproj", "{BCC8B269-4365-4924-9E24-B670B8A71CE3}"
EndProject
Project("{FAE04EC0-301F-11D3-BF4B-00C04F79EFBC}") = "KafkaFlow.Sample.FlowControl", "..\samples\KafkaFlow.Sample.FlowControl\KafkaFlow.Sample.FlowControl.csproj", "{7B61C99E-3AEB-4497-8A38-F780CB309130}"
EndProject
Project("{2150E333-8FDC-42A3-9474-1A3956D46DE8}") = "Deploy", "Deploy", "{4A6A390C-A63A-4371-86BB-28481AD6D4C0}"
ProjectSection(SolutionItems) = preProject
	..\.github\workflows\build.yml = ..\.github\workflows\build.yml
	..\.github\workflows\publish.yml = ..\.github\workflows\publish.yml
EndProjectSection
EndProject
Global
	GlobalSection(SolutionConfigurationPlatforms) = preSolution
		Debug|Any CPU = Debug|Any CPU
		Release|Any CPU = Release|Any CPU
	EndGlobalSection
	GlobalSection(ProjectConfigurationPlatforms) = postSolution
		{E1055352-9F5B-4980-80A3-50C335B79A16}.Debug|Any CPU.ActiveCfg = Debug|Any CPU
		{E1055352-9F5B-4980-80A3-50C335B79A16}.Debug|Any CPU.Build.0 = Debug|Any CPU
		{E1055352-9F5B-4980-80A3-50C335B79A16}.Release|Any CPU.ActiveCfg = Release|Any CPU
		{E1055352-9F5B-4980-80A3-50C335B79A16}.Release|Any CPU.Build.0 = Release|Any CPU
		{B668ACDA-5E45-4985-9D33-6EDFF9059D9A}.Debug|Any CPU.ActiveCfg = Debug|Any CPU
		{B668ACDA-5E45-4985-9D33-6EDFF9059D9A}.Debug|Any CPU.Build.0 = Debug|Any CPU
		{B668ACDA-5E45-4985-9D33-6EDFF9059D9A}.Release|Any CPU.ActiveCfg = Release|Any CPU
		{B668ACDA-5E45-4985-9D33-6EDFF9059D9A}.Release|Any CPU.Build.0 = Release|Any CPU
		{42CFFA0D-3BF2-42F0-A1B0-BDCD30CBB470}.Debug|Any CPU.ActiveCfg = Debug|Any CPU
		{42CFFA0D-3BF2-42F0-A1B0-BDCD30CBB470}.Debug|Any CPU.Build.0 = Debug|Any CPU
		{42CFFA0D-3BF2-42F0-A1B0-BDCD30CBB470}.Release|Any CPU.ActiveCfg = Release|Any CPU
		{42CFFA0D-3BF2-42F0-A1B0-BDCD30CBB470}.Release|Any CPU.Build.0 = Release|Any CPU
		{8917E0B9-A943-46FB-8E91-6E9B91F976F6}.Debug|Any CPU.ActiveCfg = Debug|Any CPU
		{8917E0B9-A943-46FB-8E91-6E9B91F976F6}.Debug|Any CPU.Build.0 = Debug|Any CPU
		{8917E0B9-A943-46FB-8E91-6E9B91F976F6}.Release|Any CPU.ActiveCfg = Release|Any CPU
		{8917E0B9-A943-46FB-8E91-6E9B91F976F6}.Release|Any CPU.Build.0 = Release|Any CPU
		{CE82B50F-6C03-4875-ADF5-63FD5B7F1AF8}.Debug|Any CPU.ActiveCfg = Debug|Any CPU
		{CE82B50F-6C03-4875-ADF5-63FD5B7F1AF8}.Debug|Any CPU.Build.0 = Debug|Any CPU
		{CE82B50F-6C03-4875-ADF5-63FD5B7F1AF8}.Release|Any CPU.ActiveCfg = Release|Any CPU
		{CE82B50F-6C03-4875-ADF5-63FD5B7F1AF8}.Release|Any CPU.Build.0 = Release|Any CPU
		{88808771-56BE-422B-94DC-7AB070F64E98}.Debug|Any CPU.ActiveCfg = Debug|Any CPU
		{88808771-56BE-422B-94DC-7AB070F64E98}.Debug|Any CPU.Build.0 = Debug|Any CPU
		{88808771-56BE-422B-94DC-7AB070F64E98}.Release|Any CPU.ActiveCfg = Release|Any CPU
		{88808771-56BE-422B-94DC-7AB070F64E98}.Release|Any CPU.Build.0 = Release|Any CPU
		{E47EF9E0-A1C7-4FF0-AEC5-143F52ED0FBE}.Debug|Any CPU.ActiveCfg = Debug|Any CPU
		{E47EF9E0-A1C7-4FF0-AEC5-143F52ED0FBE}.Debug|Any CPU.Build.0 = Debug|Any CPU
		{E47EF9E0-A1C7-4FF0-AEC5-143F52ED0FBE}.Release|Any CPU.ActiveCfg = Release|Any CPU
		{E47EF9E0-A1C7-4FF0-AEC5-143F52ED0FBE}.Release|Any CPU.Build.0 = Release|Any CPU
		{B7197114-B1C7-49EC-8740-1E09233B2C40}.Debug|Any CPU.ActiveCfg = Debug|Any CPU
		{B7197114-B1C7-49EC-8740-1E09233B2C40}.Debug|Any CPU.Build.0 = Debug|Any CPU
		{B7197114-B1C7-49EC-8740-1E09233B2C40}.Release|Any CPU.ActiveCfg = Release|Any CPU
		{B7197114-B1C7-49EC-8740-1E09233B2C40}.Release|Any CPU.Build.0 = Release|Any CPU
		{D29EC709-33DE-4045-8F3B-EC6619CDB429}.Debug|Any CPU.ActiveCfg = Debug|Any CPU
		{D29EC709-33DE-4045-8F3B-EC6619CDB429}.Debug|Any CPU.Build.0 = Debug|Any CPU
		{D29EC709-33DE-4045-8F3B-EC6619CDB429}.Release|Any CPU.ActiveCfg = Release|Any CPU
		{D29EC709-33DE-4045-8F3B-EC6619CDB429}.Release|Any CPU.Build.0 = Release|Any CPU
		{36F459F4-8323-472A-A8C5-8C9D89F92012}.Debug|Any CPU.ActiveCfg = Debug|Any CPU
		{36F459F4-8323-472A-A8C5-8C9D89F92012}.Debug|Any CPU.Build.0 = Debug|Any CPU
		{36F459F4-8323-472A-A8C5-8C9D89F92012}.Release|Any CPU.ActiveCfg = Release|Any CPU
		{36F459F4-8323-472A-A8C5-8C9D89F92012}.Release|Any CPU.Build.0 = Release|Any CPU
		{FC622AB0-6481-4249-8D83-27BC39912103}.Debug|Any CPU.ActiveCfg = Debug|Any CPU
		{FC622AB0-6481-4249-8D83-27BC39912103}.Debug|Any CPU.Build.0 = Debug|Any CPU
		{FC622AB0-6481-4249-8D83-27BC39912103}.Release|Any CPU.ActiveCfg = Release|Any CPU
		{FC622AB0-6481-4249-8D83-27BC39912103}.Release|Any CPU.Build.0 = Release|Any CPU
		{B86A51E3-7AC9-4EF8-BD2A-1ACC9EF0F5AE}.Debug|Any CPU.ActiveCfg = Debug|Any CPU
		{B86A51E3-7AC9-4EF8-BD2A-1ACC9EF0F5AE}.Debug|Any CPU.Build.0 = Debug|Any CPU
		{B86A51E3-7AC9-4EF8-BD2A-1ACC9EF0F5AE}.Release|Any CPU.ActiveCfg = Release|Any CPU
		{B86A51E3-7AC9-4EF8-BD2A-1ACC9EF0F5AE}.Release|Any CPU.Build.0 = Release|Any CPU
		{22DB5734-E792-4309-B565-77F02D27D88C}.Debug|Any CPU.ActiveCfg = Debug|Any CPU
		{22DB5734-E792-4309-B565-77F02D27D88C}.Debug|Any CPU.Build.0 = Debug|Any CPU
		{22DB5734-E792-4309-B565-77F02D27D88C}.Release|Any CPU.ActiveCfg = Release|Any CPU
		{22DB5734-E792-4309-B565-77F02D27D88C}.Release|Any CPU.Build.0 = Release|Any CPU
		{E59C13AF-41E7-4DFA-B118-A65EA87F0605}.Debug|Any CPU.ActiveCfg = Debug|Any CPU
		{E59C13AF-41E7-4DFA-B118-A65EA87F0605}.Debug|Any CPU.Build.0 = Debug|Any CPU
		{E59C13AF-41E7-4DFA-B118-A65EA87F0605}.Release|Any CPU.ActiveCfg = Release|Any CPU
		{E59C13AF-41E7-4DFA-B118-A65EA87F0605}.Release|Any CPU.Build.0 = Release|Any CPU
		{6E9F7CDC-E935-4A51-9358-2E6DBB901A34}.Debug|Any CPU.ActiveCfg = Debug|Any CPU
		{6E9F7CDC-E935-4A51-9358-2E6DBB901A34}.Debug|Any CPU.Build.0 = Debug|Any CPU
		{6E9F7CDC-E935-4A51-9358-2E6DBB901A34}.Release|Any CPU.ActiveCfg = Release|Any CPU
		{6E9F7CDC-E935-4A51-9358-2E6DBB901A34}.Release|Any CPU.Build.0 = Release|Any CPU
		{46B6F104-D46E-4DC2-ADC2-18E76F5BBCD9}.Debug|Any CPU.ActiveCfg = Debug|Any CPU
		{46B6F104-D46E-4DC2-ADC2-18E76F5BBCD9}.Debug|Any CPU.Build.0 = Debug|Any CPU
		{46B6F104-D46E-4DC2-ADC2-18E76F5BBCD9}.Release|Any CPU.ActiveCfg = Release|Any CPU
		{46B6F104-D46E-4DC2-ADC2-18E76F5BBCD9}.Release|Any CPU.Build.0 = Release|Any CPU
		{827620D3-2258-410E-A79E-E782ED42284C}.Debug|Any CPU.ActiveCfg = Debug|Any CPU
		{827620D3-2258-410E-A79E-E782ED42284C}.Debug|Any CPU.Build.0 = Debug|Any CPU
		{827620D3-2258-410E-A79E-E782ED42284C}.Release|Any CPU.ActiveCfg = Release|Any CPU
		{827620D3-2258-410E-A79E-E782ED42284C}.Release|Any CPU.Build.0 = Release|Any CPU
		{15C12D0C-FE8A-41F9-BBCF-5A963F05D5C7}.Debug|Any CPU.ActiveCfg = Debug|Any CPU
		{15C12D0C-FE8A-41F9-BBCF-5A963F05D5C7}.Debug|Any CPU.Build.0 = Debug|Any CPU
		{15C12D0C-FE8A-41F9-BBCF-5A963F05D5C7}.Release|Any CPU.ActiveCfg = Release|Any CPU
		{15C12D0C-FE8A-41F9-BBCF-5A963F05D5C7}.Release|Any CPU.Build.0 = Release|Any CPU
		{2E63A019-F8AD-4EC3-A80A-F560DEC7C5B4}.Debug|Any CPU.ActiveCfg = Debug|Any CPU
		{2E63A019-F8AD-4EC3-A80A-F560DEC7C5B4}.Debug|Any CPU.Build.0 = Debug|Any CPU
		{2E63A019-F8AD-4EC3-A80A-F560DEC7C5B4}.Release|Any CPU.ActiveCfg = Release|Any CPU
		{2E63A019-F8AD-4EC3-A80A-F560DEC7C5B4}.Release|Any CPU.Build.0 = Release|Any CPU
		{C891D0DB-BE19-4D20-9E2F-61D413210F8D}.Debug|Any CPU.ActiveCfg = Debug|Any CPU
		{C891D0DB-BE19-4D20-9E2F-61D413210F8D}.Debug|Any CPU.Build.0 = Debug|Any CPU
		{C891D0DB-BE19-4D20-9E2F-61D413210F8D}.Release|Any CPU.ActiveCfg = Release|Any CPU
		{C891D0DB-BE19-4D20-9E2F-61D413210F8D}.Release|Any CPU.Build.0 = Release|Any CPU
		{7913342E-80FD-4094-B892-18DAA2E6948F}.Debug|Any CPU.ActiveCfg = Debug|Any CPU
		{7913342E-80FD-4094-B892-18DAA2E6948F}.Debug|Any CPU.Build.0 = Debug|Any CPU
		{7913342E-80FD-4094-B892-18DAA2E6948F}.Release|Any CPU.ActiveCfg = Release|Any CPU
		{7913342E-80FD-4094-B892-18DAA2E6948F}.Release|Any CPU.Build.0 = Release|Any CPU
		{98C9826C-76F6-4C21-8A32-D55C2647905B}.Debug|Any CPU.ActiveCfg = Debug|Any CPU
		{98C9826C-76F6-4C21-8A32-D55C2647905B}.Debug|Any CPU.Build.0 = Debug|Any CPU
		{98C9826C-76F6-4C21-8A32-D55C2647905B}.Release|Any CPU.ActiveCfg = Release|Any CPU
		{98C9826C-76F6-4C21-8A32-D55C2647905B}.Release|Any CPU.Build.0 = Release|Any CPU
		{582D0B0C-F331-45A0-B4D8-CE9DC24F5389}.Debug|Any CPU.ActiveCfg = Debug|Any CPU
		{582D0B0C-F331-45A0-B4D8-CE9DC24F5389}.Debug|Any CPU.Build.0 = Debug|Any CPU
		{582D0B0C-F331-45A0-B4D8-CE9DC24F5389}.Release|Any CPU.ActiveCfg = Release|Any CPU
		{582D0B0C-F331-45A0-B4D8-CE9DC24F5389}.Release|Any CPU.Build.0 = Release|Any CPU
		{F212D09B-9AD6-428F-9008-38BF1F470B3A}.Debug|Any CPU.ActiveCfg = Debug|Any CPU
		{F212D09B-9AD6-428F-9008-38BF1F470B3A}.Debug|Any CPU.Build.0 = Debug|Any CPU
		{F212D09B-9AD6-428F-9008-38BF1F470B3A}.Release|Any CPU.ActiveCfg = Release|Any CPU
		{F212D09B-9AD6-428F-9008-38BF1F470B3A}.Release|Any CPU.Build.0 = Release|Any CPU
		{4072F646-9393-4BF3-A479-0550AC1BB6C4}.Debug|Any CPU.ActiveCfg = Debug|Any CPU
		{4072F646-9393-4BF3-A479-0550AC1BB6C4}.Debug|Any CPU.Build.0 = Debug|Any CPU
		{4072F646-9393-4BF3-A479-0550AC1BB6C4}.Release|Any CPU.ActiveCfg = Release|Any CPU
		{4072F646-9393-4BF3-A479-0550AC1BB6C4}.Release|Any CPU.Build.0 = Release|Any CPU
		{F32DC7DA-36EA-4199-91F5-81960FD9C650}.Debug|Any CPU.ActiveCfg = Debug|Any CPU
		{F32DC7DA-36EA-4199-91F5-81960FD9C650}.Debug|Any CPU.Build.0 = Debug|Any CPU
		{F32DC7DA-36EA-4199-91F5-81960FD9C650}.Release|Any CPU.ActiveCfg = Release|Any CPU
		{F32DC7DA-36EA-4199-91F5-81960FD9C650}.Release|Any CPU.Build.0 = Release|Any CPU
		{2BD49C06-7A88-4B98-91B0-659282D2A45E}.Debug|Any CPU.ActiveCfg = Debug|Any CPU
		{2BD49C06-7A88-4B98-91B0-659282D2A45E}.Debug|Any CPU.Build.0 = Debug|Any CPU
		{2BD49C06-7A88-4B98-91B0-659282D2A45E}.Release|Any CPU.ActiveCfg = Release|Any CPU
		{2BD49C06-7A88-4B98-91B0-659282D2A45E}.Release|Any CPU.Build.0 = Release|Any CPU
		{D20C61A8-6B47-4768-B18B-5897F2DCAED9}.Debug|Any CPU.ActiveCfg = Debug|Any CPU
		{D20C61A8-6B47-4768-B18B-5897F2DCAED9}.Debug|Any CPU.Build.0 = Debug|Any CPU
		{D20C61A8-6B47-4768-B18B-5897F2DCAED9}.Release|Any CPU.ActiveCfg = Release|Any CPU
		{D20C61A8-6B47-4768-B18B-5897F2DCAED9}.Release|Any CPU.Build.0 = Release|Any CPU
		{041A62E1-D7C4-4900-9253-7885B7EDC5DB}.Debug|Any CPU.ActiveCfg = Debug|Any CPU
		{041A62E1-D7C4-4900-9253-7885B7EDC5DB}.Debug|Any CPU.Build.0 = Debug|Any CPU
		{041A62E1-D7C4-4900-9253-7885B7EDC5DB}.Release|Any CPU.ActiveCfg = Release|Any CPU
		{041A62E1-D7C4-4900-9253-7885B7EDC5DB}.Release|Any CPU.Build.0 = Release|Any CPU
		{BCC8B269-4365-4924-9E24-B670B8A71CE3}.Debug|Any CPU.ActiveCfg = Debug|Any CPU
		{BCC8B269-4365-4924-9E24-B670B8A71CE3}.Debug|Any CPU.Build.0 = Debug|Any CPU
		{BCC8B269-4365-4924-9E24-B670B8A71CE3}.Release|Any CPU.ActiveCfg = Release|Any CPU
		{BCC8B269-4365-4924-9E24-B670B8A71CE3}.Release|Any CPU.Build.0 = Release|Any CPU
		{7B61C99E-3AEB-4497-8A38-F780CB309130}.Debug|Any CPU.ActiveCfg = Debug|Any CPU
		{7B61C99E-3AEB-4497-8A38-F780CB309130}.Debug|Any CPU.Build.0 = Debug|Any CPU
		{7B61C99E-3AEB-4497-8A38-F780CB309130}.Release|Any CPU.ActiveCfg = Release|Any CPU
		{7B61C99E-3AEB-4497-8A38-F780CB309130}.Release|Any CPU.Build.0 = Release|Any CPU
	EndGlobalSection
	GlobalSection(SolutionProperties) = preSolution
		HideSolutionNode = FALSE
	EndGlobalSection
	GlobalSection(NestedProjects) = preSolution
		{E1055352-9F5B-4980-80A3-50C335B79A16} = {068CB250-2804-4C7E-9490-17F432B9CE21}
		{B668ACDA-5E45-4985-9D33-6EDFF9059D9A} = {0A782A83-B66D-4B99-9BE2-2B18AAD2E03C}
		{42CFFA0D-3BF2-42F0-A1B0-BDCD30CBB470} = {ADAAA63C-E17C-4F1B-A062-3CCA071D75C2}
		{8917E0B9-A943-46FB-8E91-6E9B91F976F6} = {ADAAA63C-E17C-4F1B-A062-3CCA071D75C2}
		{CE82B50F-6C03-4875-ADF5-63FD5B7F1AF8} = {7A9B997B-DAAC-4004-94F3-32F6B88E0068}
		{ADAAA63C-E17C-4F1B-A062-3CCA071D75C2} = {ED24B548-6F37-4283-A35B-F6015BFB7A34}
		{0A782A83-B66D-4B99-9BE2-2B18AAD2E03C} = {ED24B548-6F37-4283-A35B-F6015BFB7A34}
		{88808771-56BE-422B-94DC-7AB070F64E98} = {068CB250-2804-4C7E-9490-17F432B9CE21}
		{E47EF9E0-A1C7-4FF0-AEC5-143F52ED0FBE} = {ED24B548-6F37-4283-A35B-F6015BFB7A34}
		{B7197114-B1C7-49EC-8740-1E09233B2C40} = {ADAAA63C-E17C-4F1B-A062-3CCA071D75C2}
		{D29EC709-33DE-4045-8F3B-EC6619CDB429} = {0A782A83-B66D-4B99-9BE2-2B18AAD2E03C}
		{36F459F4-8323-472A-A8C5-8C9D89F92012} = {7A9B997B-DAAC-4004-94F3-32F6B88E0068}
		{FC622AB0-6481-4249-8D83-27BC39912103} = {ADAAA63C-E17C-4F1B-A062-3CCA071D75C2}
		{B86A51E3-7AC9-4EF8-BD2A-1ACC9EF0F5AE} = {292BCEDD-55B4-49BB-B8B2-24CD834FF2AA}
		{22DB5734-E792-4309-B565-77F02D27D88C} = {292BCEDD-55B4-49BB-B8B2-24CD834FF2AA}
		{E59C13AF-41E7-4DFA-B118-A65EA87F0605} = {303AE78F-6C96-4DF4-AC89-5C4FD53AFF0B}
		{6E9F7CDC-E935-4A51-9358-2E6DBB901A34} = {EF626895-FDAE-4B28-9110-BA85671CBBF2}
		{46B6F104-D46E-4DC2-ADC2-18E76F5BBCD9} = {58483813-0D7C-423E-8E7D-8FBF3E6CDB6D}
		{827620D3-2258-410E-A79E-E782ED42284C} = {58483813-0D7C-423E-8E7D-8FBF3E6CDB6D}
		{15C12D0C-FE8A-41F9-BBCF-5A963F05D5C7} = {303AE78F-6C96-4DF4-AC89-5C4FD53AFF0B}
		{2E63A019-F8AD-4EC3-A80A-F560DEC7C5B4} = {ADAAA63C-E17C-4F1B-A062-3CCA071D75C2}
		{C891D0DB-BE19-4D20-9E2F-61D413210F8D} = {ED24B548-6F37-4283-A35B-F6015BFB7A34}
		{7913342E-80FD-4094-B892-18DAA2E6948F} = {068CB250-2804-4C7E-9490-17F432B9CE21}
		{98C9826C-76F6-4C21-8A32-D55C2647905B} = {ADAAA63C-E17C-4F1B-A062-3CCA071D75C2}
		{582D0B0C-F331-45A0-B4D8-CE9DC24F5389} = {ADAAA63C-E17C-4F1B-A062-3CCA071D75C2}
		{F212D09B-9AD6-428F-9008-38BF1F470B3A} = {ADAAA63C-E17C-4F1B-A062-3CCA071D75C2}
		{4072F646-9393-4BF3-A479-0550AC1BB6C4} = {58483813-0D7C-423E-8E7D-8FBF3E6CDB6D}
		{F32DC7DA-36EA-4199-91F5-81960FD9C650} = {303AE78F-6C96-4DF4-AC89-5C4FD53AFF0B}
		{2BD49C06-7A88-4B98-91B0-659282D2A45E} = {303AE78F-6C96-4DF4-AC89-5C4FD53AFF0B}
		{041A62E1-D7C4-4900-9253-7885B7EDC5DB} = {303AE78F-6C96-4DF4-AC89-5C4FD53AFF0B}
		{BCC8B269-4365-4924-9E24-B670B8A71CE3} = {303AE78F-6C96-4DF4-AC89-5C4FD53AFF0B}
		{D20C61A8-6B47-4768-B18B-5897F2DCAED9} = {068CB250-2804-4C7E-9490-17F432B9CE21}
		{7B61C99E-3AEB-4497-8A38-F780CB309130} = {303AE78F-6C96-4DF4-AC89-5C4FD53AFF0B}
	EndGlobalSection
	GlobalSection(ExtensibilityGlobals) = postSolution
		SolutionGuid = {6AE955B5-16B0-41CF-9F12-66D15B3DD1AB}
	EndGlobalSection
EndGlobal
